
Microsoft Visual Studio Solution File, Format Version 12.00
# Visual Studio Version 16
VisualStudioVersion = 16.0.30711.63
MinimumVisualStudioVersion = 10.0.40219.1
Project("{FAE04EC0-301F-11D3-BF4B-00C04F79EFBC}") = "Spice", "Spice\Spice.csproj", "{C607079F-D04E-4827-8FFD-1A24A2D92305}"
EndProject
Global
	GlobalSection(SolutionConfigurationPlatforms) = preSolution
		Debug|Any CPU = Debug|Any CPU
		Release|Any CPU = Release|Any CPU
	EndGlobalSection
	GlobalSection(ProjectConfigurationPlatforms) = postSolution
		{C607079F-D04E-4827-8FFD-1A24A2D92305}.Debug|Any CPU.ActiveCfg = Debug|Any CPU
		{C607079F-D04E-4827-8FFD-1A24A2D92305}.Debug|Any CPU.Build.0 = Debug|Any CPU
		{C607079F-D04E-4827-8FFD-1A24A2D92305}.Release|Any CPU.ActiveCfg = Release|Any CPU
		{C607079F-D04E-4827-8FFD-1A24A2D92305}.Release|Any CPU.Build.0 = Release|Any CPU
	EndGlobalSection
	GlobalSection(SolutionProperties) = preSolution
		HideSolutionNode = FALSE
	EndGlobalSection
	GlobalSection(ExtensibilityGlobals) = postSolution
		SolutionGuid = {F1E32102-341C-4883-BD4D-019C8FEA0BA9}
	EndGlobalSection
EndGlobal
